// !$*UTF8*$!
{
	archiveVersion = 1;
	classes = {
	};
	objectVersion = 46;
	objects = {

/* Begin PBXBuildFile section */
		371FB7F31CEABFEE00BC03A4 /* TaskFitnessCheckCell.swift in Sources */ = {isa = PBXBuildFile; fileRef = 371FB7F21CEABFEE00BC03A4 /* TaskFitnessCheckCell.swift */; };
		371FB7F51CEAC16500BC03A4 /* TaskSurveyCell.swift in Sources */ = {isa = PBXBuildFile; fileRef = 371FB7F41CEAC16500BC03A4 /* TaskSurveyCell.swift */; };
		3739A6E41CE3B367008973B8 /* TaskHeaderCell.swift in Sources */ = {isa = PBXBuildFile; fileRef = 3739A6E31CE3B367008973B8 /* TaskHeaderCell.swift */; };
		3739A6E61CE3BD8F008973B8 /* TaskConsentCell.swift in Sources */ = {isa = PBXBuildFile; fileRef = 3739A6E51CE3BD8F008973B8 /* TaskConsentCell.swift */; };
		3752A84D1CC64EE00088863C /* DashboardViewController.swift in Sources */ = {isa = PBXBuildFile; fileRef = 3752A84C1CC64EE00088863C /* DashboardViewController.swift */; };
		375463091CD39559007E4C44 /* SwiftyJSON.framework in Frameworks */ = {isa = PBXBuildFile; fileRef = 375463071CD39559007E4C44 /* SwiftyJSON.framework */; };
		3754630A1CD39559007E4C44 /* SwiftyJSON.framework in Embed Frameworks */ = {isa = PBXBuildFile; fileRef = 375463071CD39559007E4C44 /* SwiftyJSON.framework */; settings = {ATTRIBUTES = (CodeSignOnCopy, RemoveHeadersOnCopy, ); }; };
		3754630B1CD39559007E4C44 /* ResearchKit.framework in Frameworks */ = {isa = PBXBuildFile; fileRef = 375463081CD39559007E4C44 /* ResearchKit.framework */; };
		3754630C1CD39559007E4C44 /* ResearchKit.framework in Embed Frameworks */ = {isa = PBXBuildFile; fileRef = 375463081CD39559007E4C44 /* ResearchKit.framework */; settings = {ATTRIBUTES = (CodeSignOnCopy, RemoveHeadersOnCopy, ); }; };
		37547A061CEBCFC2003F495B /* DashboardTasksCompleted.swift in Sources */ = {isa = PBXBuildFile; fileRef = 37547A051CEBCFC2003F495B /* DashboardTasksCompleted.swift */; };
		37547A081CEBD9F2003F495B /* DashboardFitnessPed.swift in Sources */ = {isa = PBXBuildFile; fileRef = 37547A071CEBD9F2003F495B /* DashboardFitnessPed.swift */; };
		37547A0A1CEC159C003F495B /* DashboardFitnessHeart.swift in Sources */ = {isa = PBXBuildFile; fileRef = 37547A091CEC159C003F495B /* DashboardFitnessHeart.swift */; };
		3768E18D1CBEC6E5002E4A1E /* Main.storyboard in Resources */ = {isa = PBXBuildFile; fileRef = 3768E18B1CBEC6E5002E4A1E /* Main.storyboard */; };
		3768E18F1CBEC6E5002E4A1E /* Assets.xcassets in Resources */ = {isa = PBXBuildFile; fileRef = 3768E18E1CBEC6E5002E4A1E /* Assets.xcassets */; };
		3768E1921CBEC6E5002E4A1E /* LaunchScreen.storyboard in Resources */ = {isa = PBXBuildFile; fileRef = 3768E1901CBEC6E5002E4A1E /* LaunchScreen.storyboard */; };
		377F48E61CD79B9A0078C526 /* TaskResultsStore.swift in Sources */ = {isa = PBXBuildFile; fileRef = 377F48E51CD79B9A0078C526 /* TaskResultsStore.swift */; };
		377F48E81CD7E8920078C526 /* HeartRateData.swift in Sources */ = {isa = PBXBuildFile; fileRef = 377F48E71CD7E8920078C526 /* HeartRateData.swift */; };
		378278411CC1854D00F344FF /* ResultsParser.swift in Sources */ = {isa = PBXBuildFile; fileRef = 378278401CC1854D00F344FF /* ResultsParser.swift */; };
		37A30B431CC0373000F8BADB /* HealthKitManager.swift in Sources */ = {isa = PBXBuildFile; fileRef = 37A30B421CC0373000F8BADB /* HealthKitManager.swift */; };
		37AC2F231CC02C3F002BB6D5 /* HealthKit.framework in Frameworks */ = {isa = PBXBuildFile; fileRef = 37AC2F221CC02C3F002BB6D5 /* HealthKit.framework */; };
		37B44DAD1CBECFEC00569716 /* AppDelegate.swift in Sources */ = {isa = PBXBuildFile; fileRef = 37B44DAC1CBECFEC00569716 /* AppDelegate.swift */; };
		37B44DB11CBED01500569716 /* ConsentDocument.swift in Sources */ = {isa = PBXBuildFile; fileRef = 37B44DAE1CBED01500569716 /* ConsentDocument.swift */; };
		37B44DB21CBED01500569716 /* ConsentTask.swift in Sources */ = {isa = PBXBuildFile; fileRef = 37B44DAF1CBED01500569716 /* ConsentTask.swift */; };
		37B44DB61CBED06900569716 /* MicrophoneTask.swift in Sources */ = {isa = PBXBuildFile; fileRef = 37B44DB41CBED06900569716 /* MicrophoneTask.swift */; };
		37B44DB71CBED06900569716 /* SurveyTask.swift in Sources */ = {isa = PBXBuildFile; fileRef = 37B44DB51CBED06900569716 /* SurveyTask.swift */; };
		37B44DBA1CBED07100569716 /* ViewController.swift in Sources */ = {isa = PBXBuildFile; fileRef = 37B44DB81CBED07100569716 /* ViewController.swift */; };
		37B44DBB1CBED07100569716 /* FitnessCheckTask.swift in Sources */ = {isa = PBXBuildFile; fileRef = 37B44DB91CBED07100569716 /* FitnessCheckTask.swift */; };
		37C6E2EC1CDD29D300DD4967 /* TaskBar.storyboard in Resources */ = {isa = PBXBuildFile; fileRef = 37C6E2EB1CDD29D300DD4967 /* TaskBar.storyboard */; };
		37DD7A701CE98D380068D4A8 /* TaskResults.swift in Sources */ = {isa = PBXBuildFile; fileRef = 37DD7A6F1CE98D380068D4A8 /* TaskResults.swift */; };
		37F886E11CDA6DE3005E277E /* TasksTableViewController.swift in Sources */ = {isa = PBXBuildFile; fileRef = 37F886E01CDA6DE3005E277E /* TasksTableViewController.swift */; };
		37FB303E1CCDD3AD00DB86BB /* PedometerData.swift in Sources */ = {isa = PBXBuildFile; fileRef = 37FB303D1CCDD3AD00DB86BB /* PedometerData.swift */; };
		37FB30481CCE67FD00DB86BB /* PedDataStore.swift in Sources */ = {isa = PBXBuildFile; fileRef = 37FB30471CCE67FD00DB86BB /* PedDataStore.swift */; };
/* End PBXBuildFile section */

/* Begin PBXCopyFilesBuildPhase section */
		3752A8451CC52CCF0088863C /* Embed Frameworks */ = {
			isa = PBXCopyFilesBuildPhase;
			buildActionMask = 2147483647;
			dstPath = "";
			dstSubfolderSpec = 10;
			files = (
				3754630C1CD39559007E4C44 /* ResearchKit.framework in Embed Frameworks */,
				3754630A1CD39559007E4C44 /* SwiftyJSON.framework in Embed Frameworks */,
			);
			name = "Embed Frameworks";
			runOnlyForDeploymentPostprocessing = 0;
		};
/* End PBXCopyFilesBuildPhase section */

/* Begin PBXFileReference section */
		371FB7F21CEABFEE00BC03A4 /* TaskFitnessCheckCell.swift */ = {isa = PBXFileReference; fileEncoding = 4; lastKnownFileType = sourcecode.swift; path = TaskFitnessCheckCell.swift; sourceTree = "<group>"; };
		371FB7F41CEAC16500BC03A4 /* TaskSurveyCell.swift */ = {isa = PBXFileReference; fileEncoding = 4; lastKnownFileType = sourcecode.swift; path = TaskSurveyCell.swift; sourceTree = "<group>"; };
		3739A6E31CE3B367008973B8 /* TaskHeaderCell.swift */ = {isa = PBXFileReference; fileEncoding = 4; lastKnownFileType = sourcecode.swift; path = TaskHeaderCell.swift; sourceTree = "<group>"; };
		3739A6E51CE3BD8F008973B8 /* TaskConsentCell.swift */ = {isa = PBXFileReference; fileEncoding = 4; lastKnownFileType = sourcecode.swift; path = TaskConsentCell.swift; sourceTree = "<group>"; };
		3752A84C1CC64EE00088863C /* DashboardViewController.swift */ = {isa = PBXFileReference; fileEncoding = 4; lastKnownFileType = sourcecode.swift; path = DashboardViewController.swift; sourceTree = "<group>"; };
		375463071CD39559007E4C44 /* SwiftyJSON.framework */ = {isa = PBXFileReference; lastKnownFileType = wrapper.framework; name = SwiftyJSON.framework; path = Carthage/Build/iOS/SwiftyJSON.framework; sourceTree = "<group>"; };
		375463081CD39559007E4C44 /* ResearchKit.framework */ = {isa = PBXFileReference; lastKnownFileType = wrapper.framework; name = ResearchKit.framework; path = Carthage/Build/iOS/ResearchKit.framework; sourceTree = "<group>"; };
		37547A051CEBCFC2003F495B /* DashboardTasksCompleted.swift */ = {isa = PBXFileReference; fileEncoding = 4; lastKnownFileType = sourcecode.swift; path = DashboardTasksCompleted.swift; sourceTree = "<group>"; };
		37547A071CEBD9F2003F495B /* DashboardFitnessPed.swift */ = {isa = PBXFileReference; fileEncoding = 4; lastKnownFileType = sourcecode.swift; path = DashboardFitnessPed.swift; sourceTree = "<group>"; };
		37547A091CEC159C003F495B /* DashboardFitnessHeart.swift */ = {isa = PBXFileReference; fileEncoding = 4; lastKnownFileType = sourcecode.swift; path = DashboardFitnessHeart.swift; sourceTree = "<group>"; };
		3768E1841CBEC6E5002E4A1E /* IIU-Health.app */ = {isa = PBXFileReference; explicitFileType = wrapper.application; includeInIndex = 0; path = "IIU-Health.app"; sourceTree = BUILT_PRODUCTS_DIR; };
		3768E18C1CBEC6E5002E4A1E /* Base */ = {isa = PBXFileReference; lastKnownFileType = file.storyboard; name = Base; path = Base.lproj/Main.storyboard; sourceTree = "<group>"; };
		3768E18E1CBEC6E5002E4A1E /* Assets.xcassets */ = {isa = PBXFileReference; lastKnownFileType = folder.assetcatalog; path = Assets.xcassets; sourceTree = "<group>"; };
		3768E1911CBEC6E5002E4A1E /* Base */ = {isa = PBXFileReference; lastKnownFileType = file.storyboard; name = Base; path = Base.lproj/LaunchScreen.storyboard; sourceTree = "<group>"; };
		3768E1931CBEC6E5002E4A1E /* Info.plist */ = {isa = PBXFileReference; lastKnownFileType = text.plist.xml; path = Info.plist; sourceTree = "<group>"; };
		377F48E51CD79B9A0078C526 /* TaskResultsStore.swift */ = {isa = PBXFileReference; fileEncoding = 4; lastKnownFileType = sourcecode.swift; path = TaskResultsStore.swift; sourceTree = "<group>"; };
		377F48E71CD7E8920078C526 /* HeartRateData.swift */ = {isa = PBXFileReference; fileEncoding = 4; lastKnownFileType = sourcecode.swift; path = HeartRateData.swift; sourceTree = "<group>"; };
		378278401CC1854D00F344FF /* ResultsParser.swift */ = {isa = PBXFileReference; fileEncoding = 4; lastKnownFileType = sourcecode.swift; path = ResultsParser.swift; sourceTree = "<group>"; };
		37A30B421CC0373000F8BADB /* HealthKitManager.swift */ = {isa = PBXFileReference; fileEncoding = 4; lastKnownFileType = sourcecode.swift; path = HealthKitManager.swift; sourceTree = "<group>"; };
		37AC2F221CC02C3F002BB6D5 /* HealthKit.framework */ = {isa = PBXFileReference; lastKnownFileType = wrapper.framework; name = HealthKit.framework; path = System/Library/Frameworks/HealthKit.framework; sourceTree = SDKROOT; };
		37AC2F241CC02C3F002BB6D5 /* IIU-Health.entitlements */ = {isa = PBXFileReference; lastKnownFileType = text.xml; path = "IIU-Health.entitlements"; sourceTree = "<group>"; };
		37B44DAC1CBECFEC00569716 /* AppDelegate.swift */ = {isa = PBXFileReference; fileEncoding = 4; lastKnownFileType = sourcecode.swift; path = AppDelegate.swift; sourceTree = "<group>"; };
		37B44DAE1CBED01500569716 /* ConsentDocument.swift */ = {isa = PBXFileReference; fileEncoding = 4; lastKnownFileType = sourcecode.swift; path = ConsentDocument.swift; sourceTree = "<group>"; };
		37B44DAF1CBED01500569716 /* ConsentTask.swift */ = {isa = PBXFileReference; fileEncoding = 4; lastKnownFileType = sourcecode.swift; path = ConsentTask.swift; sourceTree = "<group>"; };
		37B44DB41CBED06900569716 /* MicrophoneTask.swift */ = {isa = PBXFileReference; fileEncoding = 4; lastKnownFileType = sourcecode.swift; path = MicrophoneTask.swift; sourceTree = "<group>"; };
		37B44DB51CBED06900569716 /* SurveyTask.swift */ = {isa = PBXFileReference; fileEncoding = 4; lastKnownFileType = sourcecode.swift; path = SurveyTask.swift; sourceTree = "<group>"; };
		37B44DB81CBED07100569716 /* ViewController.swift */ = {isa = PBXFileReference; fileEncoding = 4; lastKnownFileType = sourcecode.swift; path = ViewController.swift; sourceTree = "<group>"; };
		37B44DB91CBED07100569716 /* FitnessCheckTask.swift */ = {isa = PBXFileReference; fileEncoding = 4; lastKnownFileType = sourcecode.swift; path = FitnessCheckTask.swift; sourceTree = "<group>"; };
		37C6E2EB1CDD29D300DD4967 /* TaskBar.storyboard */ = {isa = PBXFileReference; fileEncoding = 4; lastKnownFileType = file.storyboard; path = TaskBar.storyboard; sourceTree = "<group>"; };
		37DD7A6F1CE98D380068D4A8 /* TaskResults.swift */ = {isa = PBXFileReference; fileEncoding = 4; lastKnownFileType = sourcecode.swift; path = TaskResults.swift; sourceTree = "<group>"; };
		37F886E01CDA6DE3005E277E /* TasksTableViewController.swift */ = {isa = PBXFileReference; fileEncoding = 4; lastKnownFileType = sourcecode.swift; path = TasksTableViewController.swift; sourceTree = "<group>"; };
		37FB303D1CCDD3AD00DB86BB /* PedometerData.swift */ = {isa = PBXFileReference; fileEncoding = 4; lastKnownFileType = sourcecode.swift; path = PedometerData.swift; sourceTree = "<group>"; };
		37FB30471CCE67FD00DB86BB /* PedDataStore.swift */ = {isa = PBXFileReference; fileEncoding = 4; lastKnownFileType = sourcecode.swift; path = PedDataStore.swift; sourceTree = "<group>"; };
/* End PBXFileReference section */

/* Begin PBXFrameworksBuildPhase section */
		3768E1811CBEC6E5002E4A1E /* Frameworks */ = {
			isa = PBXFrameworksBuildPhase;
			buildActionMask = 2147483647;
			files = (
				375463091CD39559007E4C44 /* SwiftyJSON.framework in Frameworks */,
				37AC2F231CC02C3F002BB6D5 /* HealthKit.framework in Frameworks */,
				3754630B1CD39559007E4C44 /* ResearchKit.framework in Frameworks */,
			);
			runOnlyForDeploymentPostprocessing = 0;
		};
/* End PBXFrameworksBuildPhase section */

/* Begin PBXGroup section */
		3768E17B1CBEC6E5002E4A1E = {
			isa = PBXGroup;
			children = (
				375463071CD39559007E4C44 /* SwiftyJSON.framework */,
				375463081CD39559007E4C44 /* ResearchKit.framework */,
				37AC2F221CC02C3F002BB6D5 /* HealthKit.framework */,
				3768E1861CBEC6E5002E4A1E /* IIU-Health */,
				3768E1851CBEC6E5002E4A1E /* Products */,
			);
			sourceTree = "<group>";
		};
		3768E1851CBEC6E5002E4A1E /* Products */ = {
			isa = PBXGroup;
			children = (
				3768E1841CBEC6E5002E4A1E /* IIU-Health.app */,
			);
			name = Products;
			sourceTree = "<group>";
		};
		3768E1861CBEC6E5002E4A1E /* IIU-Health */ = {
			isa = PBXGroup;
			children = (
				37B44DAC1CBECFEC00569716 /* AppDelegate.swift */,
				3768E18E1CBEC6E5002E4A1E /* Assets.xcassets */,
				37B44DAE1CBED01500569716 /* ConsentDocument.swift */,
				37B44DAF1CBED01500569716 /* ConsentTask.swift */,
				37547A091CEC159C003F495B /* DashboardFitnessHeart.swift */,
				37547A071CEBD9F2003F495B /* DashboardFitnessPed.swift */,
				37547A051CEBCFC2003F495B /* DashboardTasksCompleted.swift */,
				3752A84C1CC64EE00088863C /* DashboardViewController.swift */,
				37B44DB91CBED07100569716 /* FitnessCheckTask.swift */,
				37A30B421CC0373000F8BADB /* HealthKitManager.swift */,
				377F48E71CD7E8920078C526 /* HeartRateData.swift */,
				37AC2F241CC02C3F002BB6D5 /* IIU-Health.entitlements */,
				3768E1931CBEC6E5002E4A1E /* Info.plist */,
				3768E1901CBEC6E5002E4A1E /* LaunchScreen.storyboard */,
				3768E18B1CBEC6E5002E4A1E /* Main.storyboard */,
				37B44DB41CBED06900569716 /* MicrophoneTask.swift */,
				37FB30471CCE67FD00DB86BB /* PedDataStore.swift */,
				37FB303D1CCDD3AD00DB86BB /* PedometerData.swift */,
				378278401CC1854D00F344FF /* ResultsParser.swift */,
				37B44DB51CBED06900569716 /* SurveyTask.swift */,
				37C6E2EB1CDD29D300DD4967 /* TaskBar.storyboard */,
				3739A6E51CE3BD8F008973B8 /* TaskConsentCell.swift */,
				371FB7F21CEABFEE00BC03A4 /* TaskFitnessCheckCell.swift */,
				3739A6E31CE3B367008973B8 /* TaskHeaderCell.swift */,
				37DD7A6F1CE98D380068D4A8 /* TaskResults.swift */,
				377F48E51CD79B9A0078C526 /* TaskResultsStore.swift */,
				37F886E01CDA6DE3005E277E /* TasksTableViewController.swift */,
				371FB7F41CEAC16500BC03A4 /* TaskSurveyCell.swift */,
				37B44DB81CBED07100569716 /* ViewController.swift */,
			);
			path = "IIU-Health";
			sourceTree = "<group>";
		};
/* End PBXGroup section */

/* Begin PBXNativeTarget section */
		3768E1831CBEC6E5002E4A1E /* IIU-Health */ = {
			isa = PBXNativeTarget;
			buildConfigurationList = 3768E1961CBEC6E5002E4A1E /* Build configuration list for PBXNativeTarget "IIU-Health" */;
			buildPhases = (
				3768E1801CBEC6E5002E4A1E /* Sources */,
				3768E1811CBEC6E5002E4A1E /* Frameworks */,
				3768E1821CBEC6E5002E4A1E /* Resources */,
				3752A8451CC52CCF0088863C /* Embed Frameworks */,
				37E9FF5F1CD4049200134DCB /* ShellScript */,
			);
			buildRules = (
			);
			dependencies = (
			);
			name = "IIU-Health";
			productName = "IIU Health";
			productReference = 3768E1841CBEC6E5002E4A1E /* IIU-Health.app */;
			productType = "com.apple.product-type.application";
		};
/* End PBXNativeTarget section */

/* Begin PBXProject section */
		3768E17C1CBEC6E5002E4A1E /* Project object */ = {
			isa = PBXProject;
			attributes = {
				LastSwiftUpdateCheck = 0730;
				LastUpgradeCheck = 0730;
				ORGANIZATIONNAME = IIU;
				TargetAttributes = {
					3768E1831CBEC6E5002E4A1E = {
						CreatedOnToolsVersion = 7.3;
						DevelopmentTeam = Z827RBGAJC;
						SystemCapabilities = {
							com.apple.HealthKit = {
								enabled = 1;
							};
						};
					};
				};
			};
			buildConfigurationList = 3768E17F1CBEC6E5002E4A1E /* Build configuration list for PBXProject "IIU-Health" */;
			compatibilityVersion = "Xcode 3.2";
			developmentRegion = English;
			hasScannedForEncodings = 0;
			knownRegions = (
				en,
				Base,
			);
			mainGroup = 3768E17B1CBEC6E5002E4A1E;
			productRefGroup = 3768E1851CBEC6E5002E4A1E /* Products */;
			projectDirPath = "";
			projectRoot = "";
			targets = (
				3768E1831CBEC6E5002E4A1E /* IIU-Health */,
			);
		};
/* End PBXProject section */

/* Begin PBXResourcesBuildPhase section */
		3768E1821CBEC6E5002E4A1E /* Resources */ = {
			isa = PBXResourcesBuildPhase;
			buildActionMask = 2147483647;
			files = (
				37C6E2EC1CDD29D300DD4967 /* TaskBar.storyboard in Resources */,
				3768E1921CBEC6E5002E4A1E /* LaunchScreen.storyboard in Resources */,
				3768E18F1CBEC6E5002E4A1E /* Assets.xcassets in Resources */,
				3768E18D1CBEC6E5002E4A1E /* Main.storyboard in Resources */,
			);
			runOnlyForDeploymentPostprocessing = 0;
		};
/* End PBXResourcesBuildPhase section */

/* Begin PBXShellScriptBuildPhase section */
		37E9FF5F1CD4049200134DCB /* ShellScript */ = {
			isa = PBXShellScriptBuildPhase;
			buildActionMask = 2147483647;
			files = (
			);
			inputPaths = (
				"$(SRCROOT)/Carthage/Build/iOS/Realm.framework",
				"$(SRCROOT)/Carthage/Build/iOS/RealmSwift.framework",
			);
			outputPaths = (
			);
			runOnlyForDeploymentPostprocessing = 0;
			shellPath = "$(SRCROOT)/cp-frameworks";
			shellScript = "";
		};
/* End PBXShellScriptBuildPhase section */

/* Begin PBXSourcesBuildPhase section */
		3768E1801CBEC6E5002E4A1E /* Sources */ = {
			isa = PBXSourcesBuildPhase;
			buildActionMask = 2147483647;
			files = (
				37B44DB61CBED06900569716 /* MicrophoneTask.swift in Sources */,
				37547A081CEBD9F2003F495B /* DashboardFitnessPed.swift in Sources */,
				37DD7A701CE98D380068D4A8 /* TaskResults.swift in Sources */,
				37B44DAD1CBECFEC00569716 /* AppDelegate.swift in Sources */,
				378278411CC1854D00F344FF /* ResultsParser.swift in Sources */,
				377F48E61CD79B9A0078C526 /* TaskResultsStore.swift in Sources */,
				37A30B431CC0373000F8BADB /* HealthKitManager.swift in Sources */,
				37B44DB71CBED06900569716 /* SurveyTask.swift in Sources */,
				3739A6E61CE3BD8F008973B8 /* TaskConsentCell.swift in Sources */,
				37F886E11CDA6DE3005E277E /* TasksTableViewController.swift in Sources */,
				37FB30481CCE67FD00DB86BB /* PedDataStore.swift in Sources */,
				37B44DBB1CBED07100569716 /* FitnessCheckTask.swift in Sources */,
				37547A0A1CEC159C003F495B /* DashboardFitnessHeart.swift in Sources */,
				3739A6E41CE3B367008973B8 /* TaskHeaderCell.swift in Sources */,
				371FB7F31CEABFEE00BC03A4 /* TaskFitnessCheckCell.swift in Sources */,
				37B44DB21CBED01500569716 /* ConsentTask.swift in Sources */,
				3752A84D1CC64EE00088863C /* DashboardViewController.swift in Sources */,
				377F48E81CD7E8920078C526 /* HeartRateData.swift in Sources */,
				371FB7F51CEAC16500BC03A4 /* TaskSurveyCell.swift in Sources */,
				37FB303E1CCDD3AD00DB86BB /* PedometerData.swift in Sources */,
				37B44DBA1CBED07100569716 /* ViewController.swift in Sources */,
				37B44DB11CBED01500569716 /* ConsentDocument.swift in Sources */,
				37547A061CEBCFC2003F495B /* DashboardTasksCompleted.swift in Sources */,
			);
			runOnlyForDeploymentPostprocessing = 0;
		};
/* End PBXSourcesBuildPhase section */

/* Begin PBXVariantGroup section */
		3768E18B1CBEC6E5002E4A1E /* Main.storyboard */ = {
			isa = PBXVariantGroup;
			children = (
				3768E18C1CBEC6E5002E4A1E /* Base */,
			);
			name = Main.storyboard;
			sourceTree = "<group>";
		};
		3768E1901CBEC6E5002E4A1E /* LaunchScreen.storyboard */ = {
			isa = PBXVariantGroup;
			children = (
				3768E1911CBEC6E5002E4A1E /* Base */,
			);
			name = LaunchScreen.storyboard;
			sourceTree = "<group>";
		};
/* End PBXVariantGroup section */

/* Begin XCBuildConfiguration section */
		3768E1941CBEC6E5002E4A1E /* Debug */ = {
			isa = XCBuildConfiguration;
			buildSettings = {
				ALWAYS_SEARCH_USER_PATHS = NO;
				CLANG_ANALYZER_NONNULL = YES;
				CLANG_CXX_LANGUAGE_STANDARD = "gnu++0x";
				CLANG_CXX_LIBRARY = "libc++";
				CLANG_ENABLE_MODULES = YES;
				CLANG_ENABLE_OBJC_ARC = YES;
				CLANG_WARN_BOOL_CONVERSION = YES;
				CLANG_WARN_CONSTANT_CONVERSION = YES;
				CLANG_WARN_DIRECT_OBJC_ISA_USAGE = YES_ERROR;
				CLANG_WARN_EMPTY_BODY = YES;
				CLANG_WARN_ENUM_CONVERSION = YES;
				CLANG_WARN_INT_CONVERSION = YES;
				CLANG_WARN_OBJC_ROOT_CLASS = YES_ERROR;
				CLANG_WARN_UNREACHABLE_CODE = YES;
				CLANG_WARN__DUPLICATE_METHOD_MATCH = YES;
				CODE_SIGN_IDENTITY = "iPhone Distribution: Centers for Disease Control";
				"CODE_SIGN_IDENTITY[sdk=iphoneos*]" = "iPhone Distribution: Centers for Disease Control";
				COPY_PHASE_STRIP = NO;
				DEBUG_INFORMATION_FORMAT = dwarf;
				ENABLE_STRICT_OBJC_MSGSEND = YES;
				ENABLE_TESTABILITY = YES;
				GCC_C_LANGUAGE_STANDARD = gnu99;
				GCC_DYNAMIC_NO_PIC = NO;
				GCC_NO_COMMON_BLOCKS = YES;
				GCC_OPTIMIZATION_LEVEL = 0;
				GCC_PREPROCESSOR_DEFINITIONS = (
					"DEBUG=1",
					"$(inherited)",
				);
				GCC_WARN_64_TO_32_BIT_CONVERSION = YES;
				GCC_WARN_ABOUT_RETURN_TYPE = YES_ERROR;
				GCC_WARN_UNDECLARED_SELECTOR = YES;
				GCC_WARN_UNINITIALIZED_AUTOS = YES_AGGRESSIVE;
				GCC_WARN_UNUSED_FUNCTION = YES;
				GCC_WARN_UNUSED_VARIABLE = YES;
				IPHONEOS_DEPLOYMENT_TARGET = 9.0;
				MTL_ENABLE_DEBUG_INFO = YES;
				ONLY_ACTIVE_ARCH = YES;
				SDKROOT = iphoneos;
				SWIFT_OPTIMIZATION_LEVEL = "-Onone";
			};
			name = Debug;
		};
		3768E1951CBEC6E5002E4A1E /* Release */ = {
			isa = XCBuildConfiguration;
			buildSettings = {
				ALWAYS_SEARCH_USER_PATHS = NO;
				CLANG_ANALYZER_NONNULL = YES;
				CLANG_CXX_LANGUAGE_STANDARD = "gnu++0x";
				CLANG_CXX_LIBRARY = "libc++";
				CLANG_ENABLE_MODULES = YES;
				CLANG_ENABLE_OBJC_ARC = YES;
				CLANG_WARN_BOOL_CONVERSION = YES;
				CLANG_WARN_CONSTANT_CONVERSION = YES;
				CLANG_WARN_DIRECT_OBJC_ISA_USAGE = YES_ERROR;
				CLANG_WARN_EMPTY_BODY = YES;
				CLANG_WARN_ENUM_CONVERSION = YES;
				CLANG_WARN_INT_CONVERSION = YES;
				CLANG_WARN_OBJC_ROOT_CLASS = YES_ERROR;
				CLANG_WARN_UNREACHABLE_CODE = YES;
				CLANG_WARN__DUPLICATE_METHOD_MATCH = YES;
				CODE_SIGN_IDENTITY = "iPhone Distribution: Centers for Disease Control";
				"CODE_SIGN_IDENTITY[sdk=iphoneos*]" = "iPhone Distribution: Centers for Disease Control";
				COPY_PHASE_STRIP = NO;
				DEBUG_INFORMATION_FORMAT = "dwarf-with-dsym";
				ENABLE_NS_ASSERTIONS = NO;
				ENABLE_STRICT_OBJC_MSGSEND = YES;
				GCC_C_LANGUAGE_STANDARD = gnu99;
				GCC_NO_COMMON_BLOCKS = YES;
				GCC_WARN_64_TO_32_BIT_CONVERSION = YES;
				GCC_WARN_ABOUT_RETURN_TYPE = YES_ERROR;
				GCC_WARN_UNDECLARED_SELECTOR = YES;
				GCC_WARN_UNINITIALIZED_AUTOS = YES_AGGRESSIVE;
				GCC_WARN_UNUSED_FUNCTION = YES;
				GCC_WARN_UNUSED_VARIABLE = YES;
				IPHONEOS_DEPLOYMENT_TARGET = 9.0;
				MTL_ENABLE_DEBUG_INFO = NO;
				SDKROOT = iphoneos;
				VALIDATE_PRODUCT = YES;
			};
			name = Release;
		};
		3768E1971CBEC6E5002E4A1E /* Debug */ = {
			isa = XCBuildConfiguration;
			buildSettings = {
				ASSETCATALOG_COMPILER_APPICON_NAME = AppIcon;
				ASSETCATALOG_COMPILER_LAUNCHIMAGE_NAME = LaunchImage;
				CODE_SIGN_ENTITLEMENTS = "IIU-Health/IIU-Health.entitlements";
				CODE_SIGN_IDENTITY = "iPhone Developer";
				"CODE_SIGN_IDENTITY[sdk=iphoneos*]" = "iPhone Developer";
				EMBEDDED_CONTENT_CONTAINS_SWIFT = YES;
				FRAMEWORK_SEARCH_PATHS = (
					"$(inherited)",
					"$(PROJECT_DIR)/Carthage/Build/iOS",
				);
				INFOPLIST_FILE = "$(SRCROOT)/IIU-Health/Info.plist";
				IPHONEOS_DEPLOYMENT_TARGET = 9.0;
				LD_RUNPATH_SEARCH_PATHS = "$(inherited) @executable_path/Frameworks";
				PRODUCT_BUNDLE_IDENTIFIER = "org.iiu.IIU-Health";
				PRODUCT_NAME = "IIU-Health";
				PROVISIONING_PROFILE = "";
			};
			name = Debug;
		};
		3768E1981CBEC6E5002E4A1E /* Release */ = {
			isa = XCBuildConfiguration;
			buildSettings = {
				ASSETCATALOG_COMPILER_APPICON_NAME = AppIcon;
				ASSETCATALOG_COMPILER_LAUNCHIMAGE_NAME = LaunchImage;
				CODE_SIGN_ENTITLEMENTS = "IIU-Health/IIU-Health.entitlements";
				CODE_SIGN_IDENTITY = "iPhone Developer";
				"CODE_SIGN_IDENTITY[sdk=iphoneos*]" = "iPhone Developer";
				EMBEDDED_CONTENT_CONTAINS_SWIFT = YES;
				FRAMEWORK_SEARCH_PATHS = (
					"$(inherited)",
					"$(PROJECT_DIR)/Carthage/Build/iOS",
				);
				INFOPLIST_FILE = "$(SRCROOT)/IIU-Health/Info.plist";
				IPHONEOS_DEPLOYMENT_TARGET = 9.0;
				LD_RUNPATH_SEARCH_PATHS = "$(inherited) @executable_path/Frameworks";
				PRODUCT_BUNDLE_IDENTIFIER = "org.iiu.IIU-Health";
				PRODUCT_NAME = "IIU-Health";
				PROVISIONING_PROFILE = "";
			};
			name = Release;
		};
/* End XCBuildConfiguration section */

/* Begin XCConfigurationList section */
		3768E17F1CBEC6E5002E4A1E /* Build configuration list for PBXProject "IIU-Health" */ = {
			isa = XCConfigurationList;
			buildConfigurations = (
				3768E1941CBEC6E5002E4A1E /* Debug */,
				3768E1951CBEC6E5002E4A1E /* Release */,
			);
			defaultConfigurationIsVisible = 0;
			defaultConfigurationName = Release;
		};
		3768E1961CBEC6E5002E4A1E /* Build configuration list for PBXNativeTarget "IIU-Health" */ = {
			isa = XCConfigurationList;
			buildConfigurations = (
				3768E1971CBEC6E5002E4A1E /* Debug */,
				3768E1981CBEC6E5002E4A1E /* Release */,
			);
			defaultConfigurationIsVisible = 0;
			defaultConfigurationName = Release;
		};
/* End XCConfigurationList section */
	};
	rootObject = 3768E17C1CBEC6E5002E4A1E /* Project object */;
}
